
Microsoft Visual Studio Solution File, Format Version 12.00
# Visual Studio Version 17
VisualStudioVersion = 17.4.33103.184
MinimumVisualStudioVersion = 10.0.40219.1
Project("{FAE04EC0-301F-11D3-BF4B-00C04F79EFBC}") = "currency exchange", "currency exchange.csproj", "{ECBA66B6-5809-457B-A92F-5656E36A4ABE}"
EndProject
Global
	GlobalSection(SolutionConfigurationPlatforms) = preSolution
		Debug|Any CPU = Debug|Any CPU
		Release|Any CPU = Release|Any CPU
	EndGlobalSection
	GlobalSection(ProjectConfigurationPlatforms) = postSolution
		{ECBA66B6-5809-457B-A92F-5656E36A4ABE}.Debug|Any CPU.ActiveCfg = Debug|Any CPU
		{ECBA66B6-5809-457B-A92F-5656E36A4ABE}.Debug|Any CPU.Build.0 = Debug|Any CPU
		{ECBA66B6-5809-457B-A92F-5656E36A4ABE}.Release|Any CPU.ActiveCfg = Release|Any CPU
		{ECBA66B6-5809-457B-A92F-5656E36A4ABE}.Release|Any CPU.Build.0 = Release|Any CPU
	EndGlobalSection
	GlobalSection(SolutionProperties) = preSolution
		HideSolutionNode = FALSE
	EndGlobalSection
	GlobalSection(ExtensibilityGlobals) = postSolution
		SolutionGuid = {8CB2FF4D-1D8E-4428-9D91-F447871C7B9C}
	EndGlobalSection
EndGlobal
